# Generated by buf. DO NOT EDIT.
version: v2
deps:
  - name: buf.build/googleapis/googleapis
    commit: 004180b77378443887d3b55cabc00384
    digest: b5:e8f475fe3330f31f5fd86ac689093bcd274e19611a09db91f41d637cb9197881ce89882b94d13a58738e53c91c6e4bae7dc1feba85f590164c975a89e25115dc
  - name: buf.build/grpc/grpc
    commit: e126be52bace42e49491e4015e464b59
    digest: b5:a01d4326f3e6590547c7cbb3bff8d6dab5cf564eeadd7c7c0d32ea739931a1d492322e6aa21312c9f419538044beea6740f9a6c51bb44647c627044936c55f36
  - name: buf.build/pipestreamai/common
    commit: 1bd399f2c3c94869ad36ecd5807af301
    digest: b5:65659181d57aed6e2d0f1bb5d1ffcbc7cff17c1d37eff4cdb42e0b6216900533070bcde24b07b2a4661c40e6a3ce134c8830520333b1d71087c4ce1a91ecccbe
  - name: buf.build/pipestreamai/config
    commit: a6fac334c2964e73b45fd0b5862a4aaf
    digest: b5:011c95170886470aaab1d8b49f3af0bb1fe825c1e54c8ceff1706fbc94c3a017e247878e2de4c643a7bef8a8eb4299d5eb90f22e297fcfbc2dc13107d5530eff
  - name: buf.build/pipestreamai/pipeline-module
    commit: 8864365210684cfc817e8c59eb63599f
    digest: b5:7f3195b639cf83e2e95a4a4c69fe21670fd580b506236b436f439dc270f5ba71a4a4b3f89d3afaad479e57f8ef707b513cc7dc74c812136016d757689e43729e
