# Generated by buf. DO NOT EDIT.
version: v2
deps:
  - name: buf.build/googleapis/googleapis
    commit: 004180b77378443887d3b55cabc00384
    digest: b5:e8f475fe3330f31f5fd86ac689093bcd274e19611a09db91f41d637cb9197881ce89882b94d13a58738e53c91c6e4bae7dc1feba85f590164c975a89e25115dc
  - name: buf.build/grpc/grpc
    commit: 0ee95b84c2c740b086a2b895a99887d4
    digest: b5:99e1916f9a349d88a7043ee46e74d51bddc453113fe2764ef33ca7e3daaffc1e976089d96054240c9e5a1aaa9d7f5a2f4fa0fd8bd844f71d7c0015323db16d5c
  - name: buf.build/pipestreamai/common
    commit: a541642cb02f47a3806a4d43fee64a76
    digest: b5:62a65e14bd34883ae36a7b885c676235da072ac617b89bdba588f24b0e15281e8d134f8a4d0adb369d127e80990888256e7468e74892d6ce28bd36c4a91435ec
  - name: buf.build/pipestreamai/config
    commit: b8d63ab0b2664ff68f17be396654067c
    digest: b5:8628b5df6aac30a717ef5beda5f9d15312216ba0ac7f2b4244f75d37a19c536d8528ebb6b6b9eac330eb05f864312879d41add8e1fbb57c0a246eec194b87ca4
  - name: buf.build/pipestreamai/pipeline-module
    commit: 10ef18a6ff424c6c87a164c3de8ae791
    digest: b5:d16acdb2c2139be964d2f3886ea2e9c0b212cb1ef4c356a2cc1ed39c68d0506c8dee23d433c746f444d17cebe8da77fc636232bdf539b36e2f2c0df7001549fc
