# Generated by buf. DO NOT EDIT.
version: v2
deps:
  - name: buf.build/googleapis/googleapis
    commit: 004180b77378443887d3b55cabc00384
    digest: b5:e8f475fe3330f31f5fd86ac689093bcd274e19611a09db91f41d637cb9197881ce89882b94d13a58738e53c91c6e4bae7dc1feba85f590164c975a89e25115dc
  - name: buf.build/grpc/grpc
    commit: aa450c36c73248a6a555b7ceb87e1cd4
    digest: b5:1a1c9f7ed642ea527afca5a812f38991e92ecfc6c32010ad357d65ed6dd305e81c5185c09b830f7ede6dd5a0c3d8d7d2e42132e9c88c90c99981548df5156ffb
  - name: buf.build/pipestreamai/common
    commit: 8c0ae5f09bae4f6795a2c65a1e55c185
    digest: b5:37caf9e725e774f48a25873c483acc12c80bf8a8fe8ebb76bc5b25874a262b3f52e30ab09be398d4001a3c3409cb90df34d6db2ad446aa7dd8a459db419c6543
  - name: buf.build/pipestreamai/config
    commit: 806f51f1eff443009c71a763a414e262
    digest: b5:01f643c0d36dddcd4e61b854ec401315b47a8f44e1f29b5e4396689f928c9f758dfc52901bb40a8f5987061039ad275b0dc16fedd20d74f0eaac97a7c3980a53
